
Microsoft Visual Studio Solution File, Format Version 12.00
# Visual Studio Version 17
VisualStudioVersion = 17.0.31903.59
MinimumVisualStudioVersion = 10.0.40219.1
Project("{FAE04EC0-301F-11D3-BF4B-00C04F79EFBC}") = "TLMaster", "TLMaster\TLMaster.csproj", "{B22A535A-454A-48A3-B73D-1648405A91F8}"
EndProject
Project("{FAE04EC0-301F-11D3-BF4B-00C04F79EFBC}") = "TLMaster.Tests", "TLMaster.Tests\TLMaster.Tests.csproj", "{8086051D-39F9-439A-AEA0-EE694273487C}"
EndProject
Project("{FAE04EC0-301F-11D3-BF4B-00C04F79EFBC}") = "TLMaster.UI", "TLMaster.UI\TLMaster.UI.csproj", "{897D37C1-C345-49CC-9301-CE7F6C89635E}"
EndProject
Global
	GlobalSection(SolutionConfigurationPlatforms) = preSolution
		Debug|Any CPU = Debug|Any CPU
		Debug|x64 = Debug|x64
		Debug|x86 = Debug|x86
		Release|Any CPU = Release|Any CPU
		Release|x64 = Release|x64
		Release|x86 = Release|x86
	EndGlobalSection
	GlobalSection(ProjectConfigurationPlatforms) = postSolution
		{B22A535A-454A-48A3-B73D-1648405A91F8}.Debug|Any CPU.ActiveCfg = Debug|Any CPU
		{B22A535A-454A-48A3-B73D-1648405A91F8}.Debug|Any CPU.Build.0 = Debug|Any CPU
		{B22A535A-454A-48A3-B73D-1648405A91F8}.Debug|x64.ActiveCfg = Debug|Any CPU
		{B22A535A-454A-48A3-B73D-1648405A91F8}.Debug|x64.Build.0 = Debug|Any CPU
		{B22A535A-454A-48A3-B73D-1648405A91F8}.Debug|x86.ActiveCfg = Debug|Any CPU
		{B22A535A-454A-48A3-B73D-1648405A91F8}.Debug|x86.Build.0 = Debug|Any CPU
		{B22A535A-454A-48A3-B73D-1648405A91F8}.Release|Any CPU.ActiveCfg = Release|Any CPU
		{B22A535A-454A-48A3-B73D-1648405A91F8}.Release|Any CPU.Build.0 = Release|Any CPU
		{B22A535A-454A-48A3-B73D-1648405A91F8}.Release|x64.ActiveCfg = Release|Any CPU
		{B22A535A-454A-48A3-B73D-1648405A91F8}.Release|x64.Build.0 = Release|Any CPU
		{B22A535A-454A-48A3-B73D-1648405A91F8}.Release|x86.ActiveCfg = Release|Any CPU
		{B22A535A-454A-48A3-B73D-1648405A91F8}.Release|x86.Build.0 = Release|Any CPU
		{8086051D-39F9-439A-AEA0-EE694273487C}.Debug|Any CPU.ActiveCfg = Debug|Any CPU
		{8086051D-39F9-439A-AEA0-EE694273487C}.Debug|Any CPU.Build.0 = Debug|Any CPU
		{8086051D-39F9-439A-AEA0-EE694273487C}.Debug|x64.ActiveCfg = Debug|Any CPU
		{8086051D-39F9-439A-AEA0-EE694273487C}.Debug|x64.Build.0 = Debug|Any CPU
		{8086051D-39F9-439A-AEA0-EE694273487C}.Debug|x86.ActiveCfg = Debug|Any CPU
		{8086051D-39F9-439A-AEA0-EE694273487C}.Debug|x86.Build.0 = Debug|Any CPU
		{8086051D-39F9-439A-AEA0-EE694273487C}.Release|Any CPU.ActiveCfg = Release|Any CPU
		{8086051D-39F9-439A-AEA0-EE694273487C}.Release|Any CPU.Build.0 = Release|Any CPU
		{8086051D-39F9-439A-AEA0-EE694273487C}.Release|x64.ActiveCfg = Release|Any CPU
		{8086051D-39F9-439A-AEA0-EE694273487C}.Release|x64.Build.0 = Release|Any CPU
		{8086051D-39F9-439A-AEA0-EE694273487C}.Release|x86.ActiveCfg = Release|Any CPU
		{8086051D-39F9-439A-AEA0-EE694273487C}.Release|x86.Build.0 = Release|Any CPU
		{897D37C1-C345-49CC-9301-CE7F6C89635E}.Debug|Any CPU.ActiveCfg = Debug|Any CPU
		{897D37C1-C345-49CC-9301-CE7F6C89635E}.Debug|Any CPU.Build.0 = Debug|Any CPU
		{897D37C1-C345-49CC-9301-CE7F6C89635E}.Debug|x64.ActiveCfg = Debug|Any CPU
		{897D37C1-C345-49CC-9301-CE7F6C89635E}.Debug|x64.Build.0 = Debug|Any CPU
		{897D37C1-C345-49CC-9301-CE7F6C89635E}.Debug|x86.ActiveCfg = Debug|Any CPU
		{897D37C1-C345-49CC-9301-CE7F6C89635E}.Debug|x86.Build.0 = Debug|Any CPU
		{897D37C1-C345-49CC-9301-CE7F6C89635E}.Release|Any CPU.ActiveCfg = Release|Any CPU
		{897D37C1-C345-49CC-9301-CE7F6C89635E}.Release|Any CPU.Build.0 = Release|Any CPU
		{897D37C1-C345-49CC-9301-CE7F6C89635E}.Release|x64.ActiveCfg = Release|Any CPU
		{897D37C1-C345-49CC-9301-CE7F6C89635E}.Release|x64.Build.0 = Release|Any CPU
		{897D37C1-C345-49CC-9301-CE7F6C89635E}.Release|x86.ActiveCfg = Release|Any CPU
		{897D37C1-C345-49CC-9301-CE7F6C89635E}.Release|x86.Build.0 = Release|Any CPU
	EndGlobalSection
	GlobalSection(SolutionProperties) = preSolution
		HideSolutionNode = FALSE
	EndGlobalSection
EndGlobal
